
Microsoft Visual Studio Solution File, Format Version 12.00
# Visual Studio Version 17
VisualStudioVersion = 17.0.31612.314
MinimumVisualStudioVersion = 10.0.40219.1
Project("{FAE04EC0-301F-11D3-BF4B-00C04F79EFBC}") = "ReadFredTreasuryRates", "ReadFredTreasuryRates\ReadFredTreasuryRates.csproj", "{717E1CAA-B02D-4265-B8A3-0F463C1863E3}"
EndProject
Global
	GlobalSection(SolutionConfigurationPlatforms) = preSolution
		Debug|Any CPU = Debug|Any CPU
		Release|Any CPU = Release|Any CPU
	EndGlobalSection
	GlobalSection(ProjectConfigurationPlatforms) = postSolution
		{717E1CAA-B02D-4265-B8A3-0F463C1863E3}.Debug|Any CPU.ActiveCfg = Debug|Any CPU
		{717E1CAA-B02D-4265-B8A3-0F463C1863E3}.Debug|Any CPU.Build.0 = Debug|Any CPU
		{717E1CAA-B02D-4265-B8A3-0F463C1863E3}.Release|Any CPU.ActiveCfg = Release|Any CPU
		{717E1CAA-B02D-4265-B8A3-0F463C1863E3}.Release|Any CPU.Build.0 = Release|Any CPU
	EndGlobalSection
	GlobalSection(SolutionProperties) = preSolution
		HideSolutionNode = FALSE
	EndGlobalSection
	GlobalSection(ExtensibilityGlobals) = postSolution
		SolutionGuid = {52014520-736C-4AC3-8A5A-97B76B32E6E9}
	EndGlobalSection
EndGlobal
